# THIS IS AN AUTOGENERATED FILE. DO NOT EDIT THIS FILE DIRECTLY.
# yarn lockfile v1


capnweb@0.9.0:
  version "0.9.0"
  resolved "https://registry.yarnpkg.com/capnweb/-/capnweb-0.9.0.tgz#dd0f370449ae1012370527d6082663e472aa41e0"
  integrity sha512-kZ0vg55E+gkuKHNHTXrizb5hMbD0IVCJ0lY/WHmcin7YiwvgG77RT3OTRW/zdS9rtBcjT8xGAF1TG35whR2cyA==

dotenv@^16.4.5:
  version "16.6.1"
  resolved "https://registry.yarnpkg.com/dotenv/-/dotenv-16.6.1.tgz#773f0e69527a8315c7285d5ee73c4459d20a8020"
  integrity sha512-uBq4egWHTcTt33a72vpSG0z3HnPuIl6NqYcTrKEg2azoEyl2hpW0zqlxysq2pK9HlDIHyHyakeYaYnSAwd8bow==

"tranquil-config@link:../tranquil-config":
  version "0.0.0"
  uid ""

"tranquil-rpc@link:../tranquil-rpc":
  version "0.0.0"
  uid ""

ws@^8.18.0:
  version "8.21.0"
  resolved "https://registry.yarnpkg.com/ws/-/ws-8.21.0.tgz#012e413fc07429945121b0c153158c4343086951"
  integrity sha512-Vsp28b7DRcimFQvrqu2Wek3z1iYxDCWqHYB8Qsnk/S4RfaCQzPGPyBNuVjJV3cd6UiKtUtp6sNM77gWvzcCH+g==
